
Microsoft Visual Studio Solution File, Format Version 12.00
# Visual Studio Version 17
VisualStudioVersion = 17.0.31903.59
MinimumVisualStudioVersion = 10.0.40219.1
Project("{2150E333-8FDC-42A3-9474-1A3956D46DE8}") = "src", "src", "{827E0CD3-B72D-47B6-A68D-7590B98EB39B}"
EndProject
Project("{FAE04EC0-301F-11D3-BF4B-00C04F79EFBC}") = "StudentPass.Contracts", "src\StudentPass.Contracts\StudentPass.Contracts.csproj", "{CD77CB06-1EBB-46A6-BD5D-9138302954DB}"
EndProject
Project("{FAE04EC0-301F-11D3-BF4B-00C04F79EFBC}") = "ApiGateway", "src\ApiGateway\ApiGateway.csproj", "{535E46C5-DDCE-45D3-B735-5DA7675AB7BB}"
EndProject
Project("{FAE04EC0-301F-11D3-BF4B-00C04F79EFBC}") = "ServiceUsers", "src\ServiceUsers\ServiceUsers.csproj", "{E1656DBB-CAEF-4E7A-9881-3AE004C11E42}"
EndProject
Project("{FAE04EC0-301F-11D3-BF4B-00C04F79EFBC}") = "ServiceNotify", "src\ServiceNotify\ServiceNotify.csproj", "{F83F401B-B69E-432A-9EC2-4030460970F6}"
EndProject
Global
	GlobalSection(SolutionConfigurationPlatforms) = preSolution
		Debug|Any CPU = Debug|Any CPU
		Debug|x64 = Debug|x64
		Debug|x86 = Debug|x86
		Release|Any CPU = Release|Any CPU
		Release|x64 = Release|x64
		Release|x86 = Release|x86
	EndGlobalSection
	GlobalSection(ProjectConfigurationPlatforms) = postSolution
		{CD77CB06-1EBB-46A6-BD5D-9138302954DB}.Debug|Any CPU.ActiveCfg = Debug|Any CPU
		{CD77CB06-1EBB-46A6-BD5D-9138302954DB}.Debug|Any CPU.Build.0 = Debug|Any CPU
		{CD77CB06-1EBB-46A6-BD5D-9138302954DB}.Debug|x64.ActiveCfg = Debug|Any CPU
		{CD77CB06-1EBB-46A6-BD5D-9138302954DB}.Debug|x64.Build.0 = Debug|Any CPU
		{CD77CB06-1EBB-46A6-BD5D-9138302954DB}.Debug|x86.ActiveCfg = Debug|Any CPU
		{CD77CB06-1EBB-46A6-BD5D-9138302954DB}.Debug|x86.Build.0 = Debug|Any CPU
		{CD77CB06-1EBB-46A6-BD5D-9138302954DB}.Release|Any CPU.ActiveCfg = Release|Any CPU
		{CD77CB06-1EBB-46A6-BD5D-9138302954DB}.Release|Any CPU.Build.0 = Release|Any CPU
		{CD77CB06-1EBB-46A6-BD5D-9138302954DB}.Release|x64.ActiveCfg = Release|Any CPU
		{CD77CB06-1EBB-46A6-BD5D-9138302954DB}.Release|x64.Build.0 = Release|Any CPU
		{CD77CB06-1EBB-46A6-BD5D-9138302954DB}.Release|x86.ActiveCfg = Release|Any CPU
		{CD77CB06-1EBB-46A6-BD5D-9138302954DB}.Release|x86.Build.0 = Release|Any CPU
		{535E46C5-DDCE-45D3-B735-5DA7675AB7BB}.Debug|Any CPU.ActiveCfg = Debug|Any CPU
		{535E46C5-DDCE-45D3-B735-5DA7675AB7BB}.Debug|Any CPU.Build.0 = Debug|Any CPU
		{535E46C5-DDCE-45D3-B735-5DA7675AB7BB}.Debug|x64.ActiveCfg = Debug|Any CPU
		{535E46C5-DDCE-45D3-B735-5DA7675AB7BB}.Debug|x64.Build.0 = Debug|Any CPU
		{535E46C5-DDCE-45D3-B735-5DA7675AB7BB}.Debug|x86.ActiveCfg = Debug|Any CPU
		{535E46C5-DDCE-45D3-B735-5DA7675AB7BB}.Debug|x86.Build.0 = Debug|Any CPU
		{535E46C5-DDCE-45D3-B735-5DA7675AB7BB}.Release|Any CPU.ActiveCfg = Release|Any CPU
		{535E46C5-DDCE-45D3-B735-5DA7675AB7BB}.Release|Any CPU.Build.0 = Release|Any CPU
		{535E46C5-DDCE-45D3-B735-5DA7675AB7BB}.Release|x64.ActiveCfg = Release|Any CPU
		{535E46C5-DDCE-45D3-B735-5DA7675AB7BB}.Release|x64.Build.0 = Release|Any CPU
		{535E46C5-DDCE-45D3-B735-5DA7675AB7BB}.Release|x86.ActiveCfg = Release|Any CPU
		{535E46C5-DDCE-45D3-B735-5DA7675AB7BB}.Release|x86.Build.0 = Release|Any CPU
		{E1656DBB-CAEF-4E7A-9881-3AE004C11E42}.Debug|Any CPU.ActiveCfg = Debug|Any CPU
		{E1656DBB-CAEF-4E7A-9881-3AE004C11E42}.Debug|Any CPU.Build.0 = Debug|Any CPU
		{E1656DBB-CAEF-4E7A-9881-3AE004C11E42}.Debug|x64.ActiveCfg = Debug|Any CPU
		{E1656DBB-CAEF-4E7A-9881-3AE004C11E42}.Debug|x64.Build.0 = Debug|Any CPU
		{E1656DBB-CAEF-4E7A-9881-3AE004C11E42}.Debug|x86.ActiveCfg = Debug|Any CPU
		{E1656DBB-CAEF-4E7A-9881-3AE004C11E42}.Debug|x86.Build.0 = Debug|Any CPU
		{E1656DBB-CAEF-4E7A-9881-3AE004C11E42}.Release|Any CPU.ActiveCfg = Release|Any CPU
		{E1656DBB-CAEF-4E7A-9881-3AE004C11E42}.Release|Any CPU.Build.0 = Release|Any CPU
		{E1656DBB-CAEF-4E7A-9881-3AE004C11E42}.Release|x64.ActiveCfg = Release|Any CPU
		{E1656DBB-CAEF-4E7A-9881-3AE004C11E42}.Release|x64.Build.0 = Release|Any CPU
		{E1656DBB-CAEF-4E7A-9881-3AE004C11E42}.Release|x86.ActiveCfg = Release|Any CPU
		{E1656DBB-CAEF-4E7A-9881-3AE004C11E42}.Release|x86.Build.0 = Release|Any CPU
		{F83F401B-B69E-432A-9EC2-4030460970F6}.Debug|Any CPU.ActiveCfg = Debug|Any CPU
		{F83F401B-B69E-432A-9EC2-4030460970F6}.Debug|Any CPU.Build.0 = Debug|Any CPU
		{F83F401B-B69E-432A-9EC2-4030460970F6}.Debug|x64.ActiveCfg = Debug|Any CPU
		{F83F401B-B69E-432A-9EC2-4030460970F6}.Debug|x64.Build.0 = Debug|Any CPU
		{F83F401B-B69E-432A-9EC2-4030460970F6}.Debug|x86.ActiveCfg = Debug|Any CPU
		{F83F401B-B69E-432A-9EC2-4030460970F6}.Debug|x86.Build.0 = Debug|Any CPU
		{F83F401B-B69E-432A-9EC2-4030460970F6}.Release|Any CPU.ActiveCfg = Release|Any CPU
		{F83F401B-B69E-432A-9EC2-4030460970F6}.Release|Any CPU.Build.0 = Release|Any CPU
		{F83F401B-B69E-432A-9EC2-4030460970F6}.Release|x64.ActiveCfg = Release|Any CPU
		{F83F401B-B69E-432A-9EC2-4030460970F6}.Release|x64.Build.0 = Release|Any CPU
		{F83F401B-B69E-432A-9EC2-4030460970F6}.Release|x86.ActiveCfg = Release|Any CPU
		{F83F401B-B69E-432A-9EC2-4030460970F6}.Release|x86.Build.0 = Release|Any CPU
	EndGlobalSection
	GlobalSection(SolutionProperties) = preSolution
		HideSolutionNode = FALSE
	EndGlobalSection
	GlobalSection(NestedProjects) = preSolution
		{CD77CB06-1EBB-46A6-BD5D-9138302954DB} = {827E0CD3-B72D-47B6-A68D-7590B98EB39B}
		{535E46C5-DDCE-45D3-B735-5DA7675AB7BB} = {827E0CD3-B72D-47B6-A68D-7590B98EB39B}
		{E1656DBB-CAEF-4E7A-9881-3AE004C11E42} = {827E0CD3-B72D-47B6-A68D-7590B98EB39B}
		{F83F401B-B69E-432A-9EC2-4030460970F6} = {827E0CD3-B72D-47B6-A68D-7590B98EB39B}
	EndGlobalSection
EndGlobal
